{
  "name": "gemback-esm-test",
  "version": "1.0.0",
  "lockfileVersion": 3,
  "requires": true,
  "packages": {
    "": {
      "name": "gemback-esm-test",
      "version": "1.0.0",
      "license": "MIT",
      "dependencies": {
        "gemback": "file:../../gemback-0.2.0.tgz"
      }
    },
    "node_modules/@google/generative-ai": {
      "version": "0.21.0",
      "resolved": "https://registry.npmjs.org/@google/generative-ai/-/generative-ai-0.21.0.tgz",
      "integrity": "sha512-7XhUbtnlkSEZK15kN3t+tzIMxsbKm/dSkKBFalj+20NvPKe1kBY7mR2P7vuijEn+f06z5+A8bVGKO0v39cr6Wg==",
      "license": "Apache-2.0",
      "engines": {
        "node": ">=18.0.0"
      }
    },
    "node_modules/gemback": {
      "version": "0.2.0",
      "resolved": "file:../../gemback-0.2.0.tgz",
      "integrity": "sha512-MRXKgK5q0rZdgYiHDLrSMFPYFgaDInDJZmd3v4hQH9vnyxTBLGLjhqSVXyA8NRynifnET3IzzFh0XvYNEd/CQg==",
      "license": "MIT",
      "dependencies": {
        "@google/generative-ai": "^0.21.0"
      },
      "engines": {
        "node": ">=18.0.0"
      }
    }
  }
}
